{
  "fingerprints": {
    "py://packages/pyneedle-pointer/src/needle/__init__.py#__path__": {},
    "py://packages/pyneedle-pointer/src/needle/pointer/__init__.py#L": {
      "baseline_yaml_content_hash": "b020b9068829c3a031e046905a0646fac28e5841db856184ac3e1d12ba875625"
    },
    "py://packages/pyneedle-pointer/src/needle/pointer/__init__.py#__all__": {},
    "py://packages/pyneedle-pointer/src/needle/pointer/__init__.py#__getattr__": {
      "baseline_code_signature_text": "def __getattr__(name: str):",
      "baseline_code_structure_hash": "8633e39dbba5aab35e89a79442db05c6d6fa09e0c453d2a6903bdfb5c22eaa3d"
    },
    "py://packages/pyneedle-pointer/src/needle/pointer/__init__.py#__path__": {},
    "py://packages/pyneedle-pointer/src/needle/pointer/core.py#SemanticPointer": {
      "baseline_code_signature_text": "class SemanticPointer(SemanticPointerProtocol):",
      "baseline_code_structure_hash": "ca374b159ff512b21c4c536fc1a93ef2ac02a7d975516ecb917c56a5b3e3774c",
      "baseline_yaml_content_hash": "3d0af2176279d6fdb7a56c2c656e2842537e953033a22c78bbd4c925dc2074ab"
    },
    "py://packages/pyneedle-pointer/src/needle/pointer/core.py#SemanticPointer.__add__": {
      "baseline_code_signature_text": "def __add__(self, other: Any) -> Union[SemanticPointer, PointerSetProtocol]:",
      "baseline_code_structure_hash": "8475103e42cbeb8f3d1493f9ede41aeb5616b10841ee507709466d6ae23f095f",
      "baseline_yaml_content_hash": "3c000d30e62284ad9ab99e8a05c90df5258fa1ccce524ff4bb52776b71c9107c"
    },
    "py://packages/pyneedle-pointer/src/needle/pointer/core.py#SemanticPointer.__eq__": {
      "baseline_code_signature_text": "def __eq__(self, other: Any) -> bool:",
      "baseline_code_structure_hash": "64791379f55526bfbcdbd5e4eb5f170164c62aa5da15a0cdc77d330d85988545",
      "baseline_yaml_content_hash": "fa8c3c0341d6d6b8fdd906888bb0200fd2439a31c96d28ce4e702204aa7f87f8"
    },
    "py://packages/pyneedle-pointer/src/needle/pointer/core.py#SemanticPointer.__getattr__": {
      "baseline_code_signature_text": "def __getattr__(self, name: str) -> SemanticPointer:",
      "baseline_code_structure_hash": "e1c1aa6ec00db0e32601d0ce8a6148c8a4891c6c71357b95ec1bc776e2e78b77",
      "baseline_yaml_content_hash": "c31c00255f6164ef77870a0fe577a6674357fff59a6f533702a514add55c4320"
    },
    "py://packages/pyneedle-pointer/src/needle/pointer/core.py#SemanticPointer.__getitem__": {
      "baseline_code_signature_text": "def __getitem__(self, key: Any) -> Union[SemanticPointer, PointerSetProtocol]:",
      "baseline_code_structure_hash": "591c8beaff7d62dc4e0ffb397c37dadfb7bd1cbe9aac8fc7fb059e7267954509",
      "baseline_yaml_content_hash": "97a3cd079db535dc5dd8d01847bade1fc054f6ed1aa56ed34a9d8af6e5702bf7"
    },
    "py://packages/pyneedle-pointer/src/needle/pointer/core.py#SemanticPointer.__hash__": {
      "baseline_code_signature_text": "def __hash__(self) -> int:",
      "baseline_code_structure_hash": "53ee96944ca95927e3268dafe9cc2e667cbded1f5bd6b47fc36209593ac659ff"
    },
    "py://packages/pyneedle-pointer/src/needle/pointer/core.py#SemanticPointer.__init__": {
      "baseline_code_signature_text": "def __init__(self, path: str = ''):",
      "baseline_code_structure_hash": "1f03fc7f4d6f0b286fc2b36b0419e935554b966cfe4f72b34822e6cc5c1a2e89"
    },
    "py://packages/pyneedle-pointer/src/needle/pointer/core.py#SemanticPointer.__iter__": {
      "baseline_code_signature_text": "def __iter__(self) -> Iterator[SemanticPointer]:",
      "baseline_code_structure_hash": "2414e6b9a327b1c8fc3e9ec325e07d7ca625f7d12e911870afc6f2b3b5897810",
      "baseline_yaml_content_hash": "db864b2c35565b9fe620059ba7e796e9dfbb62fe5531dc469e5674c2010f9389"
    },
    "py://packages/pyneedle-pointer/src/needle/pointer/core.py#SemanticPointer.__mul__": {
      "baseline_code_signature_text": "def __mul__(self, other: Any) -> Union[SemanticPointer, PointerSetProtocol]:",
      "baseline_code_structure_hash": "85599324854c7c045962adc2a85aa2476296e5bad8d8d99ad4a5314cf64e9e34",
      "baseline_yaml_content_hash": "2e068f2c58b6d448041b7059484652e16c3325fd2735792b6d263702507afd0a"
    },
    "py://packages/pyneedle-pointer/src/needle/pointer/core.py#SemanticPointer.__repr__": {
      "baseline_code_signature_text": "def __repr__(self) -> str:",
      "baseline_code_structure_hash": "bad8a83d11cc0211d4eb2e5e3e8f72eeb0697d2d378d38bfad954e19bf228f6e"
    },
    "py://packages/pyneedle-pointer/src/needle/pointer/core.py#SemanticPointer.__slots__": {},
    "py://packages/pyneedle-pointer/src/needle/pointer/core.py#SemanticPointer.__str__": {
      "baseline_code_signature_text": "def __str__(self) -> str:",
      "baseline_code_structure_hash": "62cbd22918e30f44e88b8a4fd71210188066cb9294b732c3eba13e29ea8f1334"
    },
    "py://packages/pyneedle-pointer/src/needle/pointer/core.py#SemanticPointer.__truediv__": {
      "baseline_code_signature_text": "def __truediv__(self, other: Any) -> Union[SemanticPointer, PointerSetProtocol]:",
      "baseline_code_structure_hash": "0bf16b045d648383ccda7a1492eb2496608500ad65dbec633cc9aa92c1a49c91",
      "baseline_yaml_content_hash": "fbf6a94c52ee8c361e3eec364bc66e8feb811a941a0a124ad3da3ce49e99be4f"
    },
    "py://packages/pyneedle-pointer/src/needle/pointer/core.py#SemanticPointer._is_atomic": {
      "baseline_code_signature_text": "def _is_atomic(self, item: Any) -> bool:",
      "baseline_code_structure_hash": "ee1fd6e1394fee5181fa96acc3eebec9a92fe34af920080bece52cdb2a469084",
      "baseline_yaml_content_hash": "2621e5efaf57c6d37c8a91f75884ff0d4b55ff21c0a3d4518d4ca6f8c31b0ba7"
    },
    "py://packages/pyneedle-pointer/src/needle/pointer/core.py#SemanticPointer._join": {
      "baseline_code_signature_text": "def _join(self, other: Union[str, SemanticPointerProtocol]) -> SemanticPointer:",
      "baseline_code_structure_hash": "e178a7e51c5b365c44ff603abd57e617d6711b1b1a8c05bdc0059f537e1efbc9",
      "baseline_yaml_content_hash": "5dc84a279d1aacdd225f4f16eab34f773c358b3cc2c0b6b54d236c9ff19ff81d"
    },
    "py://packages/pyneedle-pointer/src/needle/pointer/core.py#SemanticPointer._path": {},
    "py://packages/pyneedle-pointer/src/needle/pointer/core.py#SemanticPointer._recursive_flatten": {
      "baseline_code_signature_text": "def _recursive_flatten(self, item: Any) -> Iterable[Any]:",
      "baseline_code_structure_hash": "e377e7d9514c488c3048c465b2f0a61df2d6e6b223cf37c6c0f95b5fb757f394",
      "baseline_yaml_content_hash": "2fff6e0e6837b5d1086ff564c566452e12e3ab7f80097a97bc617447d0d6742f"
    },
    "py://packages/pyneedle-pointer/src/needle/pointer/set.py#PointerSet": {
      "baseline_code_signature_text": "class PointerSet(Set['SemanticPointer'], PointerSetProtocol):",
      "baseline_code_structure_hash": "6116b41284a6f83c519354c991afa7278f922abae74e2723e88baef9bf982834",
      "baseline_yaml_content_hash": "357bc76c8123721c8aa4e297909421f965532d7adcc872567ed18128b7451c9f"
    },
    "py://packages/pyneedle-pointer/src/needle/pointer/set.py#PointerSet.__add__": {
      "baseline_code_signature_text": "def __add__(self, other: Union[str, SemanticPointerProtocol]) -> PointerSet:",
      "baseline_code_structure_hash": "231d25289c0b2f52cc65d5fc05aa12a59d6289f89a73f7f2e51fe970be6716f6",
      "baseline_yaml_content_hash": "040b9b81a66074702862d2a406e98f8714a9f09cce55e9ad3de0648f1e85f30a"
    },
    "py://packages/pyneedle-pointer/src/needle/pointer/set.py#PointerSet.__getattr__": {
      "baseline_code_signature_text": "def __getattr__(self, name: str) -> PointerSet:",
      "baseline_code_structure_hash": "bf4d1323c9a0088f107a12887e5366855beae7e001b650067005cfb83240b3a4"
    },
    "py://packages/pyneedle-pointer/src/needle/pointer/set.py#PointerSet.__getitem__": {
      "baseline_code_signature_text": "def __getitem__(self, key: Any) -> PointerSet:",
      "baseline_code_structure_hash": "8d1315190fb7362914c9e89abadacfdbb51fabec807d3d6676dab215f960f14b"
    },
    "py://packages/pyneedle-pointer/src/needle/pointer/set.py#PointerSet.__mul__": {
      "baseline_code_signature_text": "def __mul__(self, other: Any) -> PointerSet:",
      "baseline_code_structure_hash": "ec59f5268409a50520bc08207946de2abf276e9b59fe31ec633b6765a3840ece",
      "baseline_yaml_content_hash": "628f1c03eeb97f2b40504af85ec9b4b7c7f1434a227f2c389e306f7c716b9ff3"
    },
    "py://packages/pyneedle-pointer/src/needle/pointer/set.py#PointerSet.__truediv__": {
      "baseline_code_signature_text": "def __truediv__(self, other: Union[str, SemanticPointerProtocol]) -> PointerSet:",
      "baseline_code_structure_hash": "744a00eeec951a45c5125126cbb1bbe7526e71fa5f558c19fa4eb866477b6449",
      "baseline_yaml_content_hash": "ac51231baf39115ba47265ac16b30f1519624ef158aebfca7ffeaf8ab2f5b534"
    },
    "py://packages/pyneedle-pointer/src/needle/pointer/set.py#PointerSet._broadcast": {
      "baseline_code_signature_text": "def _broadcast(self, op: Callable[[SemanticPointer], Any]) -> PointerSet:",
      "baseline_code_structure_hash": "e28a8635f8970d8739e9c649ed00fe38026bd5d72845fc2af736d12d9552691e",
      "baseline_yaml_content_hash": "545f493fac9ef803cc767fe28e72a33fb49a5f978f6accd65da57b439042c82b"
    }
  },
  "version": "1.0"
}
